
Microsoft Visual Studio Solution File, Format Version 12.00
# Visual Studio 2012
Project("{FAE04EC0-301F-11D3-BF4B-00C04F79EFBC}") = "HttpProgrammingModelFacts", "HttpProgrammingModelFacts\HttpProgrammingModelFacts.csproj", "{D02441DB-252B-4A0E-A287-BF3A8269FEEE}"
EndProject
Project("{FAE04EC0-301F-11D3-BF4B-00C04F79EFBC}") = "SelfHostedProxy", "SelfHostedProxy\SelfHostedProxy.csproj", "{14A8CBE6-1764-4B85-BEDF-DAB0B51CAC67}"
EndProject
Project("{FAE04EC0-301F-11D3-BF4B-00C04F79EFBC}") = "WaveServer", "WaveServer\WaveServer.csproj", "{4695CAC5-592C-4410-8F04-53FC5DE4FE94}"
EndProject
Project("{FAE04EC0-301F-11D3-BF4B-00C04F79EFBC}") = "MJpegServer", "MJpegServer\MJpegServer.csproj", "{7C21BC00-5DD7-4261-99F0-E8F65B3C3BD5}"
EndProject
Project("{FAE04EC0-301F-11D3-BF4B-00C04F79EFBC}") = "HttpProgrammingModelExtensions", "HttpProgrammingModelExtensions\HttpProgrammingModelExtensions.csproj", "{8FEEE6E3-7551-492A-A91F-E58075630498}"
EndProject
Global
	GlobalSection(SolutionConfigurationPlatforms) = preSolution
		Debug|Any CPU = Debug|Any CPU
		Release|Any CPU = Release|Any CPU
	EndGlobalSection
	GlobalSection(ProjectConfigurationPlatforms) = postSolution
		{D02441DB-252B-4A0E-A287-BF3A8269FEEE}.Debug|Any CPU.ActiveCfg = Debug|Any CPU
		{D02441DB-252B-4A0E-A287-BF3A8269FEEE}.Debug|Any CPU.Build.0 = Debug|Any CPU
		{D02441DB-252B-4A0E-A287-BF3A8269FEEE}.Release|Any CPU.ActiveCfg = Release|Any CPU
		{D02441DB-252B-4A0E-A287-BF3A8269FEEE}.Release|Any CPU.Build.0 = Release|Any CPU
		{14A8CBE6-1764-4B85-BEDF-DAB0B51CAC67}.Debug|Any CPU.ActiveCfg = Debug|Any CPU
		{14A8CBE6-1764-4B85-BEDF-DAB0B51CAC67}.Debug|Any CPU.Build.0 = Debug|Any CPU
		{14A8CBE6-1764-4B85-BEDF-DAB0B51CAC67}.Release|Any CPU.ActiveCfg = Release|Any CPU
		{14A8CBE6-1764-4B85-BEDF-DAB0B51CAC67}.Release|Any CPU.Build.0 = Release|Any CPU
		{4695CAC5-592C-4410-8F04-53FC5DE4FE94}.Debug|Any CPU.ActiveCfg = Debug|Any CPU
		{4695CAC5-592C-4410-8F04-53FC5DE4FE94}.Debug|Any CPU.Build.0 = Debug|Any CPU
		{4695CAC5-592C-4410-8F04-53FC5DE4FE94}.Release|Any CPU.ActiveCfg = Release|Any CPU
		{4695CAC5-592C-4410-8F04-53FC5DE4FE94}.Release|Any CPU.Build.0 = Release|Any CPU
		{7C21BC00-5DD7-4261-99F0-E8F65B3C3BD5}.Debug|Any CPU.ActiveCfg = Debug|Any CPU
		{7C21BC00-5DD7-4261-99F0-E8F65B3C3BD5}.Debug|Any CPU.Build.0 = Debug|Any CPU
		{7C21BC00-5DD7-4261-99F0-E8F65B3C3BD5}.Release|Any CPU.ActiveCfg = Release|Any CPU
		{7C21BC00-5DD7-4261-99F0-E8F65B3C3BD5}.Release|Any CPU.Build.0 = Release|Any CPU
		{8FEEE6E3-7551-492A-A91F-E58075630498}.Debug|Any CPU.ActiveCfg = Debug|Any CPU
		{8FEEE6E3-7551-492A-A91F-E58075630498}.Debug|Any CPU.Build.0 = Debug|Any CPU
		{8FEEE6E3-7551-492A-A91F-E58075630498}.Release|Any CPU.ActiveCfg = Release|Any CPU
		{8FEEE6E3-7551-492A-A91F-E58075630498}.Release|Any CPU.Build.0 = Release|Any CPU
	EndGlobalSection
	GlobalSection(SolutionProperties) = preSolution
		HideSolutionNode = FALSE
	EndGlobalSection
EndGlobal
